
Microsoft Visual Studio Solution File, Format Version 12.00
# Visual Studio Version 16
VisualStudioVersion = 16.0.29926.136
MinimumVisualStudioVersion = 10.0.40219.1
Project("{FAE04EC0-301F-11D3-BF4B-00C04F79EFBC}") = "ValidadorDeSenha", "ValidadorDeSenha\ValidadorDeSenha.csproj", "{EFC3BA31-E2EC-410A-AA8E-30E0F1E1BF13}"
EndProject
Global
	GlobalSection(SolutionConfigurationPlatforms) = preSolution
		Debug|Any CPU = Debug|Any CPU
		Release|Any CPU = Release|Any CPU
	EndGlobalSection
	GlobalSection(ProjectConfigurationPlatforms) = postSolution
		{EFC3BA31-E2EC-410A-AA8E-30E0F1E1BF13}.Debug|Any CPU.ActiveCfg = Debug|Any CPU
		{EFC3BA31-E2EC-410A-AA8E-30E0F1E1BF13}.Debug|Any CPU.Build.0 = Debug|Any CPU
		{EFC3BA31-E2EC-410A-AA8E-30E0F1E1BF13}.Release|Any CPU.ActiveCfg = Release|Any CPU
		{EFC3BA31-E2EC-410A-AA8E-30E0F1E1BF13}.Release|Any CPU.Build.0 = Release|Any CPU
	EndGlobalSection
	GlobalSection(SolutionProperties) = preSolution
		HideSolutionNode = FALSE
	EndGlobalSection
	GlobalSection(ExtensibilityGlobals) = postSolution
		SolutionGuid = {F3734270-8BB8-4955-A378-C98757E27A79}
	EndGlobalSection
EndGlobal
